
Microsoft Visual Studio Solution File, Format Version 12.00
# Visual Studio 15
VisualStudioVersion = 15.0.28010.2016
MinimumVisualStudioVersion = 10.0.40219.1
Project("{9A19103F-16F7-4668-BE54-9A1E7A4F7556}") = "ORLserveur", "ORLserveur\ORLserveur.csproj", "{81BE1D4A-0237-41AC-8D90-2E3980739FB0}"
EndProject
Project("{9A19103F-16F7-4668-BE54-9A1E7A4F7556}") = "ORL", "ORL\ORL.csproj", "{14CE2AA1-E255-42AB-BFC4-B71A16F706A6}"
EndProject
Global
	GlobalSection(SolutionConfigurationPlatforms) = preSolution
		Debug|Any CPU = Debug|Any CPU
		Release|Any CPU = Release|Any CPU
	EndGlobalSection
	GlobalSection(ProjectConfigurationPlatforms) = postSolution
		{81BE1D4A-0237-41AC-8D90-2E3980739FB0}.Debug|Any CPU.ActiveCfg = Debug|Any CPU
		{81BE1D4A-0237-41AC-8D90-2E3980739FB0}.Debug|Any CPU.Build.0 = Debug|Any CPU
		{81BE1D4A-0237-41AC-8D90-2E3980739FB0}.Release|Any CPU.ActiveCfg = Release|Any CPU
		{81BE1D4A-0237-41AC-8D90-2E3980739FB0}.Release|Any CPU.Build.0 = Release|Any CPU
		{14CE2AA1-E255-42AB-BFC4-B71A16F706A6}.Debug|Any CPU.ActiveCfg = Debug|Any CPU
		{14CE2AA1-E255-42AB-BFC4-B71A16F706A6}.Debug|Any CPU.Build.0 = Debug|Any CPU
		{14CE2AA1-E255-42AB-BFC4-B71A16F706A6}.Release|Any CPU.ActiveCfg = Release|Any CPU
		{14CE2AA1-E255-42AB-BFC4-B71A16F706A6}.Release|Any CPU.Build.0 = Release|Any CPU
	EndGlobalSection
	GlobalSection(SolutionProperties) = preSolution
		HideSolutionNode = FALSE
	EndGlobalSection
	GlobalSection(ExtensibilityGlobals) = postSolution
		SolutionGuid = {9478D51B-A506-414C-BD6A-2A75A8926988}
	EndGlobalSection
EndGlobal
